// !$*UTF8*$!
{
	archiveVersion = 1;
	classes = {
	};
	objectVersion = 55;
	objects = {

/* Begin PBXBuildFile section */
		35581A7228D9ED7400D0B64D /* AppDelegate.swift in Sources */ = {isa = PBXBuildFile; fileRef = 35581A7128D9ED7400D0B64D /* AppDelegate.swift */; };
		35581A7428D9ED7400D0B64D /* SceneDelegate.swift in Sources */ = {isa = PBXBuildFile; fileRef = 35581A7328D9ED7400D0B64D /* SceneDelegate.swift */; };
		35581A7928D9ED7400D0B64D /* Main.storyboard in Resources */ = {isa = PBXBuildFile; fileRef = 35581A7728D9ED7400D0B64D /* Main.storyboard */; };
		35581A7B28D9ED7500D0B64D /* Assets.xcassets in Resources */ = {isa = PBXBuildFile; fileRef = 35581A7A28D9ED7500D0B64D /* Assets.xcassets */; };
		35581A7E28D9ED7500D0B64D /* LaunchScreen.storyboard in Resources */ = {isa = PBXBuildFile; fileRef = 35581A7C28D9ED7500D0B64D /* LaunchScreen.storyboard */; };
		35581A8928D9ED7500D0B64D /* letToDoTests.swift in Sources */ = {isa = PBXBuildFile; fileRef = 35581A8828D9ED7500D0B64D /* letToDoTests.swift */; };
		35581A9328D9ED7500D0B64D /* letToDoUITests.swift in Sources */ = {isa = PBXBuildFile; fileRef = 35581A9228D9ED7500D0B64D /* letToDoUITests.swift */; };
		35581A9528D9ED7500D0B64D /* letToDoUITestsLaunchTests.swift in Sources */ = {isa = PBXBuildFile; fileRef = 35581A9428D9ED7500D0B64D /* letToDoUITestsLaunchTests.swift */; };
		35581AA228D9EDAD00D0B64D /* GoogleService-Info.plist in Resources */ = {isa = PBXBuildFile; fileRef = 35581AA128D9EDAD00D0B64D /* GoogleService-Info.plist */; };
		35C461DF28D9F8D50032B36F /* StartViewController.swift in Sources */ = {isa = PBXBuildFile; fileRef = 35C461DE28D9F8D50032B36F /* StartViewController.swift */; };
		35C461E128D9F95D0032B36F /* StartViewModel.swift in Sources */ = {isa = PBXBuildFile; fileRef = 35C461E028D9F95D0032B36F /* StartViewModel.swift */; };
		9C40301E8FA2895C3BFFBC12 /* Pods_letToDoTests.framework in Frameworks */ = {isa = PBXBuildFile; fileRef = AC01FD69C025A2C00954B4BC /* Pods_letToDoTests.framework */; };
		DD3B8BD43D1CC401414F9723 /* Pods_letToDo.framework in Frameworks */ = {isa = PBXBuildFile; fileRef = DDD9D6C796F13960FAF65AE7 /* Pods_letToDo.framework */; };
		F83D1CFA26C48F7877C4C86E /* Pods_letToDo_letToDoUITests.framework in Frameworks */ = {isa = PBXBuildFile; fileRef = 840EF8A4FBD529698C28E795 /* Pods_letToDo_letToDoUITests.framework */; };
/* End PBXBuildFile section */

/* Begin PBXContainerItemProxy section */
		35581A8528D9ED7500D0B64D /* PBXContainerItemProxy */ = {
			isa = PBXContainerItemProxy;
			containerPortal = 35581A6628D9ED7400D0B64D /* Project object */;
			proxyType = 1;
			remoteGlobalIDString = 35581A6D28D9ED7400D0B64D;
			remoteInfo = letToDo;
		};
		35581A8F28D9ED7500D0B64D /* PBXContainerItemProxy */ = {
			isa = PBXContainerItemProxy;
			containerPortal = 35581A6628D9ED7400D0B64D /* Project object */;
			proxyType = 1;
			remoteGlobalIDString = 35581A6D28D9ED7400D0B64D;
			remoteInfo = letToDo;
		};
/* End PBXContainerItemProxy section */

/* Begin PBXFileReference section */
		013AE0461CA63C25A7FF7BD3 /* Pods-letToDoTests.debug.xcconfig */ = {isa = PBXFileReference; includeInIndex = 1; lastKnownFileType = text.xcconfig; name = "Pods-letToDoTests.debug.xcconfig"; path = "Target Support Files/Pods-letToDoTests/Pods-letToDoTests.debug.xcconfig"; sourceTree = "<group>"; };
		35581A6E28D9ED7400D0B64D /* letToDo.app */ = {isa = PBXFileReference; explicitFileType = wrapper.application; includeInIndex = 0; path = letToDo.app; sourceTree = BUILT_PRODUCTS_DIR; };
		35581A7128D9ED7400D0B64D /* AppDelegate.swift */ = {isa = PBXFileReference; lastKnownFileType = sourcecode.swift; path = AppDelegate.swift; sourceTree = "<group>"; };
		35581A7328D9ED7400D0B64D /* SceneDelegate.swift */ = {isa = PBXFileReference; lastKnownFileType = sourcecode.swift; path = SceneDelegate.swift; sourceTree = "<group>"; };
		35581A7828D9ED7400D0B64D /* Base */ = {isa = PBXFileReference; lastKnownFileType = file.storyboard; name = Base; path = Base.lproj/Main.storyboard; sourceTree = "<group>"; };
		35581A7A28D9ED7500D0B64D /* Assets.xcassets */ = {isa = PBXFileReference; lastKnownFileType = folder.assetcatalog; path = Assets.xcassets; sourceTree = "<group>"; };
		35581A7D28D9ED7500D0B64D /* Base */ = {isa = PBXFileReference; lastKnownFileType = file.storyboard; name = Base; path = Base.lproj/LaunchScreen.storyboard; sourceTree = "<group>"; };
		35581A7F28D9ED7500D0B64D /* Info.plist */ = {isa = PBXFileReference; lastKnownFileType = text.plist.xml; path = Info.plist; sourceTree = "<group>"; };
		35581A8428D9ED7500D0B64D /* letToDoTests.xctest */ = {isa = PBXFileReference; explicitFileType = wrapper.cfbundle; includeInIndex = 0; path = letToDoTests.xctest; sourceTree = BUILT_PRODUCTS_DIR; };
		35581A8828D9ED7500D0B64D /* letToDoTests.swift */ = {isa = PBXFileReference; lastKnownFileType = sourcecode.swift; path = letToDoTests.swift; sourceTree = "<group>"; };
		35581A8E28D9ED7500D0B64D /* letToDoUITests.xctest */ = {isa = PBXFileReference; explicitFileType = wrapper.cfbundle; includeInIndex = 0; path = letToDoUITests.xctest; sourceTree = BUILT_PRODUCTS_DIR; };
		35581A9228D9ED7500D0B64D /* letToDoUITests.swift */ = {isa = PBXFileReference; lastKnownFileType = sourcecode.swift; path = letToDoUITests.swift; sourceTree = "<group>"; };
		35581A9428D9ED7500D0B64D /* letToDoUITestsLaunchTests.swift */ = {isa = PBXFileReference; lastKnownFileType = sourcecode.swift; path = letToDoUITestsLaunchTests.swift; sourceTree = "<group>"; };
		35581AA128D9EDAD00D0B64D /* GoogleService-Info.plist */ = {isa = PBXFileReference; fileEncoding = 4; lastKnownFileType = text.plist.xml; path = "GoogleService-Info.plist"; sourceTree = "<group>"; };
		35C461DE28D9F8D50032B36F /* StartViewController.swift */ = {isa = PBXFileReference; lastKnownFileType = sourcecode.swift; path = StartViewController.swift; sourceTree = "<group>"; };
		35C461E028D9F95D0032B36F /* StartViewModel.swift */ = {isa = PBXFileReference; lastKnownFileType = sourcecode.swift; path = StartViewModel.swift; sourceTree = "<group>"; };
		5B1E4989FCB5209C05A8DA12 /* Pods-letToDo-letToDoUITests.release.xcconfig */ = {isa = PBXFileReference; includeInIndex = 1; lastKnownFileType = text.xcconfig; name = "Pods-letToDo-letToDoUITests.release.xcconfig"; path = "Target Support Files/Pods-letToDo-letToDoUITests/Pods-letToDo-letToDoUITests.release.xcconfig"; sourceTree = "<group>"; };
		840EF8A4FBD529698C28E795 /* Pods_letToDo_letToDoUITests.framework */ = {isa = PBXFileReference; explicitFileType = wrapper.framework; includeInIndex = 0; path = Pods_letToDo_letToDoUITests.framework; sourceTree = BUILT_PRODUCTS_DIR; };
		8EBDB823487ACC55230E85D0 /* Pods-letToDo.release.xcconfig */ = {isa = PBXFileReference; includeInIndex = 1; lastKnownFileType = text.xcconfig; name = "Pods-letToDo.release.xcconfig"; path = "Target Support Files/Pods-letToDo/Pods-letToDo.release.xcconfig"; sourceTree = "<group>"; };
		9E0F9513CE34EB2C2970B02B /* Pods-letToDo.debug.xcconfig */ = {isa = PBXFileReference; includeInIndex = 1; lastKnownFileType = text.xcconfig; name = "Pods-letToDo.debug.xcconfig"; path = "Target Support Files/Pods-letToDo/Pods-letToDo.debug.xcconfig"; sourceTree = "<group>"; };
		A1F4152EDEE4909B53BC9A7C /* Pods-letToDoTests.release.xcconfig */ = {isa = PBXFileReference; includeInIndex = 1; lastKnownFileType = text.xcconfig; name = "Pods-letToDoTests.release.xcconfig"; path = "Target Support Files/Pods-letToDoTests/Pods-letToDoTests.release.xcconfig"; sourceTree = "<group>"; };
		AC01FD69C025A2C00954B4BC /* Pods_letToDoTests.framework */ = {isa = PBXFileReference; explicitFileType = wrapper.framework; includeInIndex = 0; path = Pods_letToDoTests.framework; sourceTree = BUILT_PRODUCTS_DIR; };
		D4B8FAE6DBBC7A2FDDD88C46 /* Pods-letToDo-letToDoUITests.debug.xcconfig */ = {isa = PBXFileReference; includeInIndex = 1; lastKnownFileType = text.xcconfig; name = "Pods-letToDo-letToDoUITests.debug.xcconfig"; path = "Target Support Files/Pods-letToDo-letToDoUITests/Pods-letToDo-letToDoUITests.debug.xcconfig"; sourceTree = "<group>"; };
		DDD9D6C796F13960FAF65AE7 /* Pods_letToDo.framework */ = {isa = PBXFileReference; explicitFileType = wrapper.framework; includeInIndex = 0; path = Pods_letToDo.framework; sourceTree = BUILT_PRODUCTS_DIR; };
/* End PBXFileReference section */

/* Begin PBXFrameworksBuildPhase section */
		35581A6B28D9ED7400D0B64D /* Frameworks */ = {
			isa = PBXFrameworksBuildPhase;
			buildActionMask = 2147483647;
			files = (
				DD3B8BD43D1CC401414F9723 /* Pods_letToDo.framework in Frameworks */,
			);
			runOnlyForDeploymentPostprocessing = 0;
		};
		35581A8128D9ED7500D0B64D /* Frameworks */ = {
			isa = PBXFrameworksBuildPhase;
			buildActionMask = 2147483647;
			files = (
				9C40301E8FA2895C3BFFBC12 /* Pods_letToDoTests.framework in Frameworks */,
			);
			runOnlyForDeploymentPostprocessing = 0;
		};
		35581A8B28D9ED7500D0B64D /* Frameworks */ = {
			isa = PBXFrameworksBuildPhase;
			buildActionMask = 2147483647;
			files = (
				F83D1CFA26C48F7877C4C86E /* Pods_letToDo_letToDoUITests.framework in Frameworks */,
			);
			runOnlyForDeploymentPostprocessing = 0;
		};
/* End PBXFrameworksBuildPhase section */

/* Begin PBXGroup section */
		35581A6528D9ED7400D0B64D = {
			isa = PBXGroup;
			children = (
				35581A7028D9ED7400D0B64D /* letToDo */,
				35581A8728D9ED7500D0B64D /* letToDoTests */,
				35581A9128D9ED7500D0B64D /* letToDoUITests */,
				35581A6F28D9ED7400D0B64D /* Products */,
				A6FBE2AE3984DDE1DB1E25A2 /* Pods */,
				C23630BF227D621C910FE065 /* Frameworks */,
			);
			sourceTree = "<group>";
		};
		35581A6F28D9ED7400D0B64D /* Products */ = {
			isa = PBXGroup;
			children = (
				35581A6E28D9ED7400D0B64D /* letToDo.app */,
				35581A8428D9ED7500D0B64D /* letToDoTests.xctest */,
				35581A8E28D9ED7500D0B64D /* letToDoUITests.xctest */,
			);
			name = Products;
			sourceTree = "<group>";
		};
		35581A7028D9ED7400D0B64D /* letToDo */ = {
			isa = PBXGroup;
			children = (
				35581A7F28D9ED7500D0B64D /* Info.plist */,
				35581AA128D9EDAD00D0B64D /* GoogleService-Info.plist */,
				35581AA928D9F08A00D0B64D /* Delegate */,
				35581AA728D9EFE500D0B64D /* Controller */,
				35581AA628D9EFDA00D0B64D /* Model */,
				35581AA528D9EFD000D0B64D /* View */,
				35581AA428D9EFBE00D0B64D /* ViewModel */,
			);
			path = letToDo;
			sourceTree = "<group>";
		};
		35581A8728D9ED7500D0B64D /* letToDoTests */ = {
			isa = PBXGroup;
			children = (
				35581A8828D9ED7500D0B64D /* letToDoTests.swift */,
			);
			path = letToDoTests;
			sourceTree = "<group>";
		};
		35581A9128D9ED7500D0B64D /* letToDoUITests */ = {
			isa = PBXGroup;
			children = (
				35581A9228D9ED7500D0B64D /* letToDoUITests.swift */,
				35581A9428D9ED7500D0B64D /* letToDoUITestsLaunchTests.swift */,
			);
			path = letToDoUITests;
			sourceTree = "<group>";
		};
		35581AA428D9EFBE00D0B64D /* ViewModel */ = {
			isa = PBXGroup;
			children = (
				35C461E028D9F95D0032B36F /* StartViewModel.swift */,
			);
			path = ViewModel;
			sourceTree = "<group>";
		};
		35581AA528D9EFD000D0B64D /* View */ = {
			isa = PBXGroup;
			children = (
				35C461DB28D9F8420032B36F /* Storyboard */,
			);
			path = View;
			sourceTree = "<group>";
		};
		35581AA628D9EFDA00D0B64D /* Model */ = {
			isa = PBXGroup;
			children = (
			);
			path = Model;
			sourceTree = "<group>";
		};
		35581AA728D9EFE500D0B64D /* Controller */ = {
			isa = PBXGroup;
			children = (
				35C461DE28D9F8D50032B36F /* StartViewController.swift */,
			);
			path = Controller;
			sourceTree = "<group>";
		};
		35581AA928D9F08A00D0B64D /* Delegate */ = {
			isa = PBXGroup;
			children = (
				35581A7128D9ED7400D0B64D /* AppDelegate.swift */,
				35581A7328D9ED7400D0B64D /* SceneDelegate.swift */,
			);
			path = Delegate;
			sourceTree = "<group>";
		};
		35C461DB28D9F8420032B36F /* Storyboard */ = {
			isa = PBXGroup;
			children = (
				35581A7A28D9ED7500D0B64D /* Assets.xcassets */,
				35581A7728D9ED7400D0B64D /* Main.storyboard */,
				35581A7C28D9ED7500D0B64D /* LaunchScreen.storyboard */,
			);
			path = Storyboard;
			sourceTree = "<group>";
		};
		A6FBE2AE3984DDE1DB1E25A2 /* Pods */ = {
			isa = PBXGroup;
			children = (
				9E0F9513CE34EB2C2970B02B /* Pods-letToDo.debug.xcconfig */,
				8EBDB823487ACC55230E85D0 /* Pods-letToDo.release.xcconfig */,
				D4B8FAE6DBBC7A2FDDD88C46 /* Pods-letToDo-letToDoUITests.debug.xcconfig */,
				5B1E4989FCB5209C05A8DA12 /* Pods-letToDo-letToDoUITests.release.xcconfig */,
				013AE0461CA63C25A7FF7BD3 /* Pods-letToDoTests.debug.xcconfig */,
				A1F4152EDEE4909B53BC9A7C /* Pods-letToDoTests.release.xcconfig */,
			);
			path = Pods;
			sourceTree = "<group>";
		};
		C23630BF227D621C910FE065 /* Frameworks */ = {
			isa = PBXGroup;
			children = (
				DDD9D6C796F13960FAF65AE7 /* Pods_letToDo.framework */,
				840EF8A4FBD529698C28E795 /* Pods_letToDo_letToDoUITests.framework */,
				AC01FD69C025A2C00954B4BC /* Pods_letToDoTests.framework */,
			);
			name = Frameworks;
			sourceTree = "<group>";
		};
/* End PBXGroup section */

/* Begin PBXNativeTarget section */
		35581A6D28D9ED7400D0B64D /* letToDo */ = {
			isa = PBXNativeTarget;
			buildConfigurationList = 35581A9828D9ED7500D0B64D /* Build configuration list for PBXNativeTarget "letToDo" */;
			buildPhases = (
				E46614DFD8B12896CC790A62 /* [CP] Check Pods Manifest.lock */,
				35581A6A28D9ED7400D0B64D /* Sources */,
				35581A6B28D9ED7400D0B64D /* Frameworks */,
				35581A6C28D9ED7400D0B64D /* Resources */,
				890CD63148E5B0FAA62D850A /* [CP] Embed Pods Frameworks */,
			);
			buildRules = (
			);
			dependencies = (
			);
			name = letToDo;
			productName = letToDo;
			productReference = 35581A6E28D9ED7400D0B64D /* letToDo.app */;
			productType = "com.apple.product-type.application";
		};
		35581A8328D9ED7500D0B64D /* letToDoTests */ = {
			isa = PBXNativeTarget;
			buildConfigurationList = 35581A9B28D9ED7500D0B64D /* Build configuration list for PBXNativeTarget "letToDoTests" */;
			buildPhases = (
				4041C6C517E24D47822FA7CB /* [CP] Check Pods Manifest.lock */,
				35581A8028D9ED7500D0B64D /* Sources */,
				35581A8128D9ED7500D0B64D /* Frameworks */,
				35581A8228D9ED7500D0B64D /* Resources */,
			);
			buildRules = (
			);
			dependencies = (
				35581A8628D9ED7500D0B64D /* PBXTargetDependency */,
			);
			name = letToDoTests;
			productName = letToDoTests;
			productReference = 35581A8428D9ED7500D0B64D /* letToDoTests.xctest */;
			productType = "com.apple.product-type.bundle.unit-test";
		};
		35581A8D28D9ED7500D0B64D /* letToDoUITests */ = {
			isa = PBXNativeTarget;
			buildConfigurationList = 35581A9E28D9ED7500D0B64D /* Build configuration list for PBXNativeTarget "letToDoUITests" */;
			buildPhases = (
				41DC9A155232186A65435B7E /* [CP] Check Pods Manifest.lock */,
				35581A8A28D9ED7500D0B64D /* Sources */,
				35581A8B28D9ED7500D0B64D /* Frameworks */,
				35581A8C28D9ED7500D0B64D /* Resources */,
				F3ABA03D66DBC3289075F3CA /* [CP] Embed Pods Frameworks */,
			);
			buildRules = (
			);
			dependencies = (
				35581A9028D9ED7500D0B64D /* PBXTargetDependency */,
			);
			name = letToDoUITests;
			productName = letToDoUITests;
			productReference = 35581A8E28D9ED7500D0B64D /* letToDoUITests.xctest */;
			productType = "com.apple.product-type.bundle.ui-testing";
		};
/* End PBXNativeTarget section */

/* Begin PBXProject section */
		35581A6628D9ED7400D0B64D /* Project object */ = {
			isa = PBXProject;
			attributes = {
				BuildIndependentTargetsInParallel = 1;
				LastSwiftUpdateCheck = 1340;
				LastUpgradeCheck = 1340;
				TargetAttributes = {
					35581A6D28D9ED7400D0B64D = {
						CreatedOnToolsVersion = 13.4.1;
					};
					35581A8328D9ED7500D0B64D = {
						CreatedOnToolsVersion = 13.4.1;
						TestTargetID = 35581A6D28D9ED7400D0B64D;
					};
					35581A8D28D9ED7500D0B64D = {
						CreatedOnToolsVersion = 13.4.1;
						TestTargetID = 35581A6D28D9ED7400D0B64D;
					};
				};
			};
			buildConfigurationList = 35581A6928D9ED7400D0B64D /* Build configuration list for PBXProject "letToDo" */;
			compatibilityVersion = "Xcode 13.0";
			developmentRegion = en;
			hasScannedForEncodings = 0;
			knownRegions = (
				en,
				Base,
			);
			mainGroup = 35581A6528D9ED7400D0B64D;
			productRefGroup = 35581A6F28D9ED7400D0B64D /* Products */;
			projectDirPath = "";
			projectRoot = "";
			targets = (
				35581A6D28D9ED7400D0B64D /* letToDo */,
				35581A8328D9ED7500D0B64D /* letToDoTests */,
				35581A8D28D9ED7500D0B64D /* letToDoUITests */,
			);
		};
/* End PBXProject section */

/* Begin PBXResourcesBuildPhase section */
		35581A6C28D9ED7400D0B64D /* Resources */ = {
			isa = PBXResourcesBuildPhase;
			buildActionMask = 2147483647;
			files = (
				35581A7E28D9ED7500D0B64D /* LaunchScreen.storyboard in Resources */,
				35581AA228D9EDAD00D0B64D /* GoogleService-Info.plist in Resources */,
				35581A7B28D9ED7500D0B64D /* Assets.xcassets in Resources */,
				35581A7928D9ED7400D0B64D /* Main.storyboard in Resources */,
			);
			runOnlyForDeploymentPostprocessing = 0;
		};
		35581A8228D9ED7500D0B64D /* Resources */ = {
			isa = PBXResourcesBuildPhase;
			buildActionMask = 2147483647;
			files = (
			);
			runOnlyForDeploymentPostprocessing = 0;
		};
		35581A8C28D9ED7500D0B64D /* Resources */ = {
			isa = PBXResourcesBuildPhase;
			buildActionMask = 2147483647;
			files = (
			);
			runOnlyForDeploymentPostprocessing = 0;
		};
/* End PBXResourcesBuildPhase section */

/* Begin PBXShellScriptBuildPhase section */
		4041C6C517E24D47822FA7CB /* [CP] Check Pods Manifest.lock */ = {
			isa = PBXShellScriptBuildPhase;
			buildActionMask = 2147483647;
			files = (
			);
			inputFileListPaths = (
			);
			inputPaths = (
				"${PODS_PODFILE_DIR_PATH}/Podfile.lock",
				"${PODS_ROOT}/Manifest.lock",
			);
			name = "[CP] Check Pods Manifest.lock";
			outputFileListPaths = (
			);
			outputPaths = (
				"$(DERIVED_FILE_DIR)/Pods-letToDoTests-checkManifestLockResult.txt",
			);
			runOnlyForDeploymentPostprocessing = 0;
			shellPath = /bin/sh;
			shellScript = "diff \"${PODS_PODFILE_DIR_PATH}/Podfile.lock\" \"${PODS_ROOT}/Manifest.lock\" > /dev/null\nif [ $? != 0 ] ; then\n    # print error to STDERR\n    echo \"error: The sandbox is not in sync with the Podfile.lock. Run 'pod install' or update your CocoaPods installation.\" >&2\n    exit 1\nfi\n# This output is used by Xcode 'outputs' to avoid re-running this script phase.\necho \"SUCCESS\" > \"${SCRIPT_OUTPUT_FILE_0}\"\n";
			showEnvVarsInLog = 0;
		};
		41DC9A155232186A65435B7E /* [CP] Check Pods Manifest.lock */ = {
			isa = PBXShellScriptBuildPhase;
			buildActionMask = 2147483647;
			files = (
			);
			inputFileListPaths = (
			);
			inputPaths = (
				"${PODS_PODFILE_DIR_PATH}/Podfile.lock",
				"${PODS_ROOT}/Manifest.lock",
			);
			name = "[CP] Check Pods Manifest.lock";
			outputFileListPaths = (
			);
			outputPaths = (
				"$(DERIVED_FILE_DIR)/Pods-letToDo-letToDoUITests-checkManifestLockResult.txt",
			);
			runOnlyForDeploymentPostprocessing = 0;
			shellPath = /bin/sh;
			shellScript = "diff \"${PODS_PODFILE_DIR_PATH}/Podfile.lock\" \"${PODS_ROOT}/Manifest.lock\" > /dev/null\nif [ $? != 0 ] ; then\n    # print error to STDERR\n    echo \"error: The sandbox is not in sync with the Podfile.lock. Run 'pod install' or update your CocoaPods installation.\" >&2\n    exit 1\nfi\n# This output is used by Xcode 'outputs' to avoid re-running this script phase.\necho \"SUCCESS\" > \"${SCRIPT_OUTPUT_FILE_0}\"\n";
			showEnvVarsInLog = 0;
		};
		890CD63148E5B0FAA62D850A /* [CP] Embed Pods Frameworks */ = {
			isa = PBXShellScriptBuildPhase;
			buildActionMask = 2147483647;
			files = (
			);
			inputFileListPaths = (
				"${PODS_ROOT}/Target Support Files/Pods-letToDo/Pods-letToDo-frameworks-${CONFIGURATION}-input-files.xcfilelist",
			);
			name = "[CP] Embed Pods Frameworks";
			outputFileListPaths = (
				"${PODS_ROOT}/Target Support Files/Pods-letToDo/Pods-letToDo-frameworks-${CONFIGURATION}-output-files.xcfilelist",
			);
			runOnlyForDeploymentPostprocessing = 0;
			shellPath = /bin/sh;
			shellScript = "\"${PODS_ROOT}/Target Support Files/Pods-letToDo/Pods-letToDo-frameworks.sh\"\n";
			showEnvVarsInLog = 0;
		};
		E46614DFD8B12896CC790A62 /* [CP] Check Pods Manifest.lock */ = {
			isa = PBXShellScriptBuildPhase;
			buildActionMask = 2147483647;
			files = (
			);
			inputFileListPaths = (
			);
			inputPaths = (
				"${PODS_PODFILE_DIR_PATH}/Podfile.lock",
				"${PODS_ROOT}/Manifest.lock",
			);
			name = "[CP] Check Pods Manifest.lock";
			outputFileListPaths = (
			);
			outputPaths = (
				"$(DERIVED_FILE_DIR)/Pods-letToDo-checkManifestLockResult.txt",
			);
			runOnlyForDeploymentPostprocessing = 0;
			shellPath = /bin/sh;
			shellScript = "diff \"${PODS_PODFILE_DIR_PATH}/Podfile.lock\" \"${PODS_ROOT}/Manifest.lock\" > /dev/null\nif [ $? != 0 ] ; then\n    # print error to STDERR\n    echo \"error: The sandbox is not in sync with the Podfile.lock. Run 'pod install' or update your CocoaPods installation.\" >&2\n    exit 1\nfi\n# This output is used by Xcode 'outputs' to avoid re-running this script phase.\necho \"SUCCESS\" > \"${SCRIPT_OUTPUT_FILE_0}\"\n";
			showEnvVarsInLog = 0;
		};
		F3ABA03D66DBC3289075F3CA /* [CP] Embed Pods Frameworks */ = {
			isa = PBXShellScriptBuildPhase;
			buildActionMask = 2147483647;
			files = (
			);
			inputFileListPaths = (
				"${PODS_ROOT}/Target Support Files/Pods-letToDo-letToDoUITests/Pods-letToDo-letToDoUITests-frameworks-${CONFIGURATION}-input-files.xcfilelist",
			);
			name = "[CP] Embed Pods Frameworks";
			outputFileListPaths = (
				"${PODS_ROOT}/Target Support Files/Pods-letToDo-letToDoUITests/Pods-letToDo-letToDoUITests-frameworks-${CONFIGURATION}-output-files.xcfilelist",
			);
			runOnlyForDeploymentPostprocessing = 0;
			shellPath = /bin/sh;
			shellScript = "\"${PODS_ROOT}/Target Support Files/Pods-letToDo-letToDoUITests/Pods-letToDo-letToDoUITests-frameworks.sh\"\n";
			showEnvVarsInLog = 0;
		};
/* End PBXShellScriptBuildPhase section */

/* Begin PBXSourcesBuildPhase section */
		35581A6A28D9ED7400D0B64D /* Sources */ = {
			isa = PBXSourcesBuildPhase;
			buildActionMask = 2147483647;
			files = (
				35C461E128D9F95D0032B36F /* StartViewModel.swift in Sources */,
				35C461DF28D9F8D50032B36F /* StartViewController.swift in Sources */,
				35581A7228D9ED7400D0B64D /* AppDelegate.swift in Sources */,
				35581A7428D9ED7400D0B64D /* SceneDelegate.swift in Sources */,
			);
			runOnlyForDeploymentPostprocessing = 0;
		};
		35581A8028D9ED7500D0B64D /* Sources */ = {
			isa = PBXSourcesBuildPhase;
			buildActionMask = 2147483647;
			files = (
				35581A8928D9ED7500D0B64D /* letToDoTests.swift in Sources */,
			);
			runOnlyForDeploymentPostprocessing = 0;
		};
		35581A8A28D9ED7500D0B64D /* Sources */ = {
			isa = PBXSourcesBuildPhase;
			buildActionMask = 2147483647;
			files = (
				35581A9528D9ED7500D0B64D /* letToDoUITestsLaunchTests.swift in Sources */,
				35581A9328D9ED7500D0B64D /* letToDoUITests.swift in Sources */,
			);
			runOnlyForDeploymentPostprocessing = 0;
		};
/* End PBXSourcesBuildPhase section */

/* Begin PBXTargetDependency section */
		35581A8628D9ED7500D0B64D /* PBXTargetDependency */ = {
			isa = PBXTargetDependency;
			target = 35581A6D28D9ED7400D0B64D /* letToDo */;
			targetProxy = 35581A8528D9ED7500D0B64D /* PBXContainerItemProxy */;
		};
		35581A9028D9ED7500D0B64D /* PBXTargetDependency */ = {
			isa = PBXTargetDependency;
			target = 35581A6D28D9ED7400D0B64D /* letToDo */;
			targetProxy = 35581A8F28D9ED7500D0B64D /* PBXContainerItemProxy */;
		};
/* End PBXTargetDependency section */

/* Begin PBXVariantGroup section */
		35581A7728D9ED7400D0B64D /* Main.storyboard */ = {
			isa = PBXVariantGroup;
			children = (
				35581A7828D9ED7400D0B64D /* Base */,
			);
			name = Main.storyboard;
			sourceTree = "<group>";
		};
		35581A7C28D9ED7500D0B64D /* LaunchScreen.storyboard */ = {
			isa = PBXVariantGroup;
			children = (
				35581A7D28D9ED7500D0B64D /* Base */,
			);
			name = LaunchScreen.storyboard;
			sourceTree = "<group>";
		};
/* End PBXVariantGroup section */

/* Begin XCBuildConfiguration section */
		35581A9628D9ED7500D0B64D /* Debug */ = {
			isa = XCBuildConfiguration;
			buildSettings = {
				ALWAYS_SEARCH_USER_PATHS = NO;
				CLANG_ANALYZER_NONNULL = YES;
				CLANG_ANALYZER_NUMBER_OBJECT_CONVERSION = YES_AGGRESSIVE;
				CLANG_CXX_LANGUAGE_STANDARD = "gnu++17";
				CLANG_ENABLE_MODULES = YES;
				CLANG_ENABLE_OBJC_ARC = YES;
				CLANG_ENABLE_OBJC_WEAK = YES;
				CLANG_WARN_BLOCK_CAPTURE_AUTORELEASING = YES;
				CLANG_WARN_BOOL_CONVERSION = YES;
				CLANG_WARN_COMMA = YES;
				CLANG_WARN_CONSTANT_CONVERSION = YES;
				CLANG_WARN_DEPRECATED_OBJC_IMPLEMENTATIONS = YES;
				CLANG_WARN_DIRECT_OBJC_ISA_USAGE = YES_ERROR;
				CLANG_WARN_DOCUMENTATION_COMMENTS = YES;
				CLANG_WARN_EMPTY_BODY = YES;
				CLANG_WARN_ENUM_CONVERSION = YES;
				CLANG_WARN_INFINITE_RECURSION = YES;
				CLANG_WARN_INT_CONVERSION = YES;
				CLANG_WARN_NON_LITERAL_NULL_CONVERSION = YES;
				CLANG_WARN_OBJC_IMPLICIT_RETAIN_SELF = YES;
				CLANG_WARN_OBJC_LITERAL_CONVERSION = YES;
				CLANG_WARN_OBJC_ROOT_CLASS = YES_ERROR;
				CLANG_WARN_QUOTED_INCLUDE_IN_FRAMEWORK_HEADER = YES;
				CLANG_WARN_RANGE_LOOP_ANALYSIS = YES;
				CLANG_WARN_STRICT_PROTOTYPES = YES;
				CLANG_WARN_SUSPICIOUS_MOVE = YES;
				CLANG_WARN_UNGUARDED_AVAILABILITY = YES_AGGRESSIVE;
				CLANG_WARN_UNREACHABLE_CODE = YES;
				CLANG_WARN__DUPLICATE_METHOD_MATCH = YES;
				COPY_PHASE_STRIP = NO;
				DEBUG_INFORMATION_FORMAT = dwarf;
				ENABLE_STRICT_OBJC_MSGSEND = YES;
				ENABLE_TESTABILITY = YES;
				GCC_C_LANGUAGE_STANDARD = gnu11;
				GCC_DYNAMIC_NO_PIC = NO;
				GCC_NO_COMMON_BLOCKS = YES;
				GCC_OPTIMIZATION_LEVEL = 0;
				GCC_PREPROCESSOR_DEFINITIONS = (
					"DEBUG=1",
					"$(inherited)",
				);
				GCC_WARN_64_TO_32_BIT_CONVERSION = YES;
				GCC_WARN_ABOUT_RETURN_TYPE = YES_ERROR;
				GCC_WARN_UNDECLARED_SELECTOR = YES;
				GCC_WARN_UNINITIALIZED_AUTOS = YES_AGGRESSIVE;
				GCC_WARN_UNUSED_FUNCTION = YES;
				GCC_WARN_UNUSED_VARIABLE = YES;
				IPHONEOS_DEPLOYMENT_TARGET = 15.5;
				MTL_ENABLE_DEBUG_INFO = INCLUDE_SOURCE;
				MTL_FAST_MATH = YES;
				ONLY_ACTIVE_ARCH = YES;
				SDKROOT = iphoneos;
				SWIFT_ACTIVE_COMPILATION_CONDITIONS = DEBUG;
				SWIFT_OPTIMIZATION_LEVEL = "-Onone";
			};
			name = Debug;
		};
		35581A9728D9ED7500D0B64D /* Release */ = {
			isa = XCBuildConfiguration;
			buildSettings = {
				ALWAYS_SEARCH_USER_PATHS = NO;
				CLANG_ANALYZER_NONNULL = YES;
				CLANG_ANALYZER_NUMBER_OBJECT_CONVERSION = YES_AGGRESSIVE;
				CLANG_CXX_LANGUAGE_STANDARD = "gnu++17";
				CLANG_ENABLE_MODULES = YES;
				CLANG_ENABLE_OBJC_ARC = YES;
				CLANG_ENABLE_OBJC_WEAK = YES;
				CLANG_WARN_BLOCK_CAPTURE_AUTORELEASING = YES;
				CLANG_WARN_BOOL_CONVERSION = YES;
				CLANG_WARN_COMMA = YES;
				CLANG_WARN_CONSTANT_CONVERSION = YES;
				CLANG_WARN_DEPRECATED_OBJC_IMPLEMENTATIONS = YES;
				CLANG_WARN_DIRECT_OBJC_ISA_USAGE = YES_ERROR;
				CLANG_WARN_DOCUMENTATION_COMMENTS = YES;
				CLANG_WARN_EMPTY_BODY = YES;
				CLANG_WARN_ENUM_CONVERSION = YES;
				CLANG_WARN_INFINITE_RECURSION = YES;
				CLANG_WARN_INT_CONVERSION = YES;
				CLANG_WARN_NON_LITERAL_NULL_CONVERSION = YES;
				CLANG_WARN_OBJC_IMPLICIT_RETAIN_SELF = YES;
				CLANG_WARN_OBJC_LITERAL_CONVERSION = YES;
				CLANG_WARN_OBJC_ROOT_CLASS = YES_ERROR;
				CLANG_WARN_QUOTED_INCLUDE_IN_FRAMEWORK_HEADER = YES;
				CLANG_WARN_RANGE_LOOP_ANALYSIS = YES;
				CLANG_WARN_STRICT_PROTOTYPES = YES;
				CLANG_WARN_SUSPICIOUS_MOVE = YES;
				CLANG_WARN_UNGUARDED_AVAILABILITY = YES_AGGRESSIVE;
				CLANG_WARN_UNREACHABLE_CODE = YES;
				CLANG_WARN__DUPLICATE_METHOD_MATCH = YES;
				COPY_PHASE_STRIP = NO;
				DEBUG_INFORMATION_FORMAT = "dwarf-with-dsym";
				ENABLE_NS_ASSERTIONS = NO;
				ENABLE_STRICT_OBJC_MSGSEND = YES;
				GCC_C_LANGUAGE_STANDARD = gnu11;
				GCC_NO_COMMON_BLOCKS = YES;
				GCC_WARN_64_TO_32_BIT_CONVERSION = YES;
				GCC_WARN_ABOUT_RETURN_TYPE = YES_ERROR;
				GCC_WARN_UNDECLARED_SELECTOR = YES;
				GCC_WARN_UNINITIALIZED_AUTOS = YES_AGGRESSIVE;
				GCC_WARN_UNUSED_FUNCTION = YES;
				GCC_WARN_UNUSED_VARIABLE = YES;
				IPHONEOS_DEPLOYMENT_TARGET = 15.5;
				MTL_ENABLE_DEBUG_INFO = NO;
				MTL_FAST_MATH = YES;
				SDKROOT = iphoneos;
				SWIFT_COMPILATION_MODE = wholemodule;
				SWIFT_OPTIMIZATION_LEVEL = "-O";
				VALIDATE_PRODUCT = YES;
			};
			name = Release;
		};
		35581A9928D9ED7500D0B64D /* Debug */ = {
			isa = XCBuildConfiguration;
			baseConfigurationReference = 9E0F9513CE34EB2C2970B02B /* Pods-letToDo.debug.xcconfig */;
			buildSettings = {
				ASSETCATALOG_COMPILER_APPICON_NAME = AppIcon;
				ASSETCATALOG_COMPILER_GLOBAL_ACCENT_COLOR_NAME = AccentColor;
				CODE_SIGN_STYLE = Automatic;
				CURRENT_PROJECT_VERSION = 1;
				DEVELOPMENT_TEAM = 45K89U54K6;
				ENABLE_TESTABILITY = NO;
				GCC_NO_COMMON_BLOCKS = NO;
				GENERATE_INFOPLIST_FILE = YES;
				INFOPLIST_FILE = letToDo/Info.plist;
				INFOPLIST_KEY_UIApplicationSupportsIndirectInputEvents = YES;
				INFOPLIST_KEY_UILaunchStoryboardName = LaunchScreen;
				INFOPLIST_KEY_UIMainStoryboardFile = Main;
				INFOPLIST_KEY_UISupportedInterfaceOrientations_iPad = "UIInterfaceOrientationPortrait UIInterfaceOrientationPortraitUpsideDown UIInterfaceOrientationLandscapeLeft UIInterfaceOrientationLandscapeRight";
				INFOPLIST_KEY_UISupportedInterfaceOrientations_iPhone = "UIInterfaceOrientationPortrait UIInterfaceOrientationLandscapeLeft UIInterfaceOrientationLandscapeRight";
				LD_RUNPATH_SEARCH_PATHS = (
					"$(inherited)",
					"@executable_path/Frameworks",
				);
				MARKETING_VERSION = 1.0;
				PRODUCT_BUNDLE_IDENTIFIER = com.JungJaeGeun.letToDo;
				PRODUCT_NAME = "$(TARGET_NAME)";
				SWIFT_EMIT_LOC_STRINGS = YES;
				SWIFT_VERSION = 5.0;
				TARGETED_DEVICE_FAMILY = "1,2";
			};
			name = Debug;
		};
		35581A9A28D9ED7500D0B64D /* Release */ = {
			isa = XCBuildConfiguration;
			baseConfigurationReference = 8EBDB823487ACC55230E85D0 /* Pods-letToDo.release.xcconfig */;
			buildSettings = {
				ASSETCATALOG_COMPILER_APPICON_NAME = AppIcon;
				ASSETCATALOG_COMPILER_GLOBAL_ACCENT_COLOR_NAME = AccentColor;
				CODE_SIGN_STYLE = Automatic;
				CURRENT_PROJECT_VERSION = 1;
				DEVELOPMENT_TEAM = 45K89U54K6;
				ENABLE_TESTABILITY = NO;
				GCC_NO_COMMON_BLOCKS = NO;
				GENERATE_INFOPLIST_FILE = YES;
				INFOPLIST_FILE = letToDo/Info.plist;
				INFOPLIST_KEY_UIApplicationSupportsIndirectInputEvents = YES;
				INFOPLIST_KEY_UILaunchStoryboardName = LaunchScreen;
				INFOPLIST_KEY_UIMainStoryboardFile = Main;
				INFOPLIST_KEY_UISupportedInterfaceOrientations_iPad = "UIInterfaceOrientationPortrait UIInterfaceOrientationPortraitUpsideDown UIInterfaceOrientationLandscapeLeft UIInterfaceOrientationLandscapeRight";
				INFOPLIST_KEY_UISupportedInterfaceOrientations_iPhone = "UIInterfaceOrientationPortrait UIInterfaceOrientationLandscapeLeft UIInterfaceOrientationLandscapeRight";
				LD_RUNPATH_SEARCH_PATHS = (
					"$(inherited)",
					"@executable_path/Frameworks",
				);
				MARKETING_VERSION = 1.0;
				PRODUCT_BUNDLE_IDENTIFIER = com.JungJaeGeun.letToDo;
				PRODUCT_NAME = "$(TARGET_NAME)";
				SWIFT_EMIT_LOC_STRINGS = YES;
				SWIFT_VERSION = 5.0;
				TARGETED_DEVICE_FAMILY = "1,2";
			};
			name = Release;
		};
		35581A9C28D9ED7500D0B64D /* Debug */ = {
			isa = XCBuildConfiguration;
			baseConfigurationReference = 013AE0461CA63C25A7FF7BD3 /* Pods-letToDoTests.debug.xcconfig */;
			buildSettings = {
				ALWAYS_EMBED_SWIFT_STANDARD_LIBRARIES = YES;
				BUNDLE_LOADER = "$(TEST_HOST)";
				CODE_SIGN_STYLE = Automatic;
				CURRENT_PROJECT_VERSION = 1;
				DEVELOPMENT_TEAM = 45K89U54K6;
				GENERATE_INFOPLIST_FILE = YES;
				IPHONEOS_DEPLOYMENT_TARGET = 15.5;
				MARKETING_VERSION = 1.0;
				PRODUCT_BUNDLE_IDENTIFIER = com.JungJaeGeun.letToDoTests;
				PRODUCT_NAME = "$(TARGET_NAME)";
				SWIFT_EMIT_LOC_STRINGS = NO;
				SWIFT_VERSION = 5.0;
				TARGETED_DEVICE_FAMILY = "1,2";
				TEST_HOST = "$(BUILT_PRODUCTS_DIR)/letToDo.app/letToDo";
			};
			name = Debug;
		};
		35581A9D28D9ED7500D0B64D /* Release */ = {
			isa = XCBuildConfiguration;
			baseConfigurationReference = A1F4152EDEE4909B53BC9A7C /* Pods-letToDoTests.release.xcconfig */;
			buildSettings = {
				ALWAYS_EMBED_SWIFT_STANDARD_LIBRARIES = YES;
				BUNDLE_LOADER = "$(TEST_HOST)";
				CODE_SIGN_STYLE = Automatic;
				CURRENT_PROJECT_VERSION = 1;
				DEVELOPMENT_TEAM = 45K89U54K6;
				GENERATE_INFOPLIST_FILE = YES;
				IPHONEOS_DEPLOYMENT_TARGET = 15.5;
				MARKETING_VERSION = 1.0;
				PRODUCT_BUNDLE_IDENTIFIER = com.JungJaeGeun.letToDoTests;
				PRODUCT_NAME = "$(TARGET_NAME)";
				SWIFT_EMIT_LOC_STRINGS = NO;
				SWIFT_VERSION = 5.0;
				TARGETED_DEVICE_FAMILY = "1,2";
				TEST_HOST = "$(BUILT_PRODUCTS_DIR)/letToDo.app/letToDo";
			};
			name = Release;
		};
		35581A9F28D9ED7500D0B64D /* Debug */ = {
			isa = XCBuildConfiguration;
			baseConfigurationReference = D4B8FAE6DBBC7A2FDDD88C46 /* Pods-letToDo-letToDoUITests.debug.xcconfig */;
			buildSettings = {
				ALWAYS_EMBED_SWIFT_STANDARD_LIBRARIES = YES;
				CODE_SIGN_STYLE = Automatic;
				CURRENT_PROJECT_VERSION = 1;
				DEVELOPMENT_TEAM = 45K89U54K6;
				GENERATE_INFOPLIST_FILE = YES;
				MARKETING_VERSION = 1.0;
				PRODUCT_BUNDLE_IDENTIFIER = com.JungJaeGeun.letToDoUITests;
				PRODUCT_NAME = "$(TARGET_NAME)";
				SWIFT_EMIT_LOC_STRINGS = NO;
				SWIFT_VERSION = 5.0;
				TARGETED_DEVICE_FAMILY = "1,2";
				TEST_TARGET_NAME = letToDo;
			};
			name = Debug;
		};
		35581AA028D9ED7500D0B64D /* Release */ = {
			isa = XCBuildConfiguration;
			baseConfigurationReference = 5B1E4989FCB5209C05A8DA12 /* Pods-letToDo-letToDoUITests.release.xcconfig */;
			buildSettings = {
				ALWAYS_EMBED_SWIFT_STANDARD_LIBRARIES = YES;
				CODE_SIGN_STYLE = Automatic;
				CURRENT_PROJECT_VERSION = 1;
				DEVELOPMENT_TEAM = 45K89U54K6;
				GENERATE_INFOPLIST_FILE = YES;
				MARKETING_VERSION = 1.0;
				PRODUCT_BUNDLE_IDENTIFIER = com.JungJaeGeun.letToDoUITests;
				PRODUCT_NAME = "$(TARGET_NAME)";
				SWIFT_EMIT_LOC_STRINGS = NO;
				SWIFT_VERSION = 5.0;
				TARGETED_DEVICE_FAMILY = "1,2";
				TEST_TARGET_NAME = letToDo;
			};
			name = Release;
		};
/* End XCBuildConfiguration section */

/* Begin XCConfigurationList section */
		35581A6928D9ED7400D0B64D /* Build configuration list for PBXProject "letToDo" */ = {
			isa = XCConfigurationList;
			buildConfigurations = (
				35581A9628D9ED7500D0B64D /* Debug */,
				35581A9728D9ED7500D0B64D /* Release */,
			);
			defaultConfigurationIsVisible = 0;
			defaultConfigurationName = Release;
		};
		35581A9828D9ED7500D0B64D /* Build configuration list for PBXNativeTarget "letToDo" */ = {
			isa = XCConfigurationList;
			buildConfigurations = (
				35581A9928D9ED7500D0B64D /* Debug */,
				35581A9A28D9ED7500D0B64D /* Release */,
			);
			defaultConfigurationIsVisible = 0;
			defaultConfigurationName = Release;
		};
		35581A9B28D9ED7500D0B64D /* Build configuration list for PBXNativeTarget "letToDoTests" */ = {
			isa = XCConfigurationList;
			buildConfigurations = (
				35581A9C28D9ED7500D0B64D /* Debug */,
				35581A9D28D9ED7500D0B64D /* Release */,
			);
			defaultConfigurationIsVisible = 0;
			defaultConfigurationName = Release;
		};
		35581A9E28D9ED7500D0B64D /* Build configuration list for PBXNativeTarget "letToDoUITests" */ = {
			isa = XCConfigurationList;
			buildConfigurations = (
				35581A9F28D9ED7500D0B64D /* Debug */,
				35581AA028D9ED7500D0B64D /* Release */,
			);
			defaultConfigurationIsVisible = 0;
			defaultConfigurationName = Release;
		};
/* End XCConfigurationList section */
	};
	rootObject = 35581A6628D9ED7400D0B64D /* Project object */;
}
